
Microsoft Visual Studio Solution File, Format Version 12.00
# Visual Studio Version 16
VisualStudioVersion = 16.0.29806.167
MinimumVisualStudioVersion = 10.0.40219.1
Project("{2150E333-8FDC-42A3-9474-1A3956D46DE8}") = "Services", "Services", "{803EA8C1-F8AC-46EE-9926-449C38CD9E84}"
EndProject
Project("{2150E333-8FDC-42A3-9474-1A3956D46DE8}") = "WebApps", "WebApps", "{B24B8C98-5268-4B58-8B66-C40B902DA0A1}"
EndProject
Project("{2150E333-8FDC-42A3-9474-1A3956D46DE8}") = "Cadastros", "Cadastros", "{9196A97B-068A-4705-9842-40527DD74884}"
EndProject
Project("{2150E333-8FDC-42A3-9474-1A3956D46DE8}") = "Catalogo", "Catalogo", "{E1DDA347-B252-4F26-B27B-D84BB191FFAA}"
EndProject
Project("{2150E333-8FDC-42A3-9474-1A3956D46DE8}") = "Core", "Core", "{6E8AAD5B-242B-4B45-A4F1-42F1A87C3B59}"
EndProject
Project("{2150E333-8FDC-42A3-9474-1A3956D46DE8}") = "Fiscal", "Fiscal", "{E0C08F37-BD52-492F-87B4-9A51AD63B9F3}"
EndProject
Project("{2150E333-8FDC-42A3-9474-1A3956D46DE8}") = "Pagamentos", "Pagamentos", "{FB423CB7-7657-4D10-AC46-2DE66C2B1D0D}"
EndProject
Project("{2150E333-8FDC-42A3-9474-1A3956D46DE8}") = "Vendas", "Vendas", "{B1AFFD0F-17B1-4853-90A1-AA29D78E3537}"
EndProject
Project("{9A19103F-16F7-4668-BE54-9A1E7A4F7556}") = "NerdStore.Catalogo.Domain", "src\NerdStore.Catalogo.Domain\NerdStore.Catalogo.Domain.csproj", "{552D8C4B-D893-48A8-B762-A0CAF39E8CEE}"
EndProject
Project("{9A19103F-16F7-4668-BE54-9A1E7A4F7556}") = "NerdStore.Core", "src\NerdStore.Core\NerdStore.Core.csproj", "{0329894C-7E58-4399-A54E-2D956EB00533}"
EndProject
Project("{2150E333-8FDC-42A3-9474-1A3956D46DE8}") = "Tests", "Tests", "{06FB4023-7966-431F-9D06-84E202AA88DD}"
EndProject
Project("{FAE04EC0-301F-11D3-BF4B-00C04F79EFBC}") = "NerdStore.Catalogo.Domain.Tests", "tests\NerdStore.Catalogo.Domain.Tests\NerdStore.Catalogo.Domain.Tests.csproj", "{B953B6E2-C418-4C6B-B501-073988D37C5B}"
EndProject
Project("{FAE04EC0-301F-11D3-BF4B-00C04F79EFBC}") = "NerdStore.Catalogo.Data", "src\NerdStore.Catalogo.Data\NerdStore.Catalogo.Data.csproj", "{B77644F4-4CD8-4853-A085-8F73F77DF1DF}"
EndProject
Global
	GlobalSection(SolutionConfigurationPlatforms) = preSolution
		Debug|Any CPU = Debug|Any CPU
		Release|Any CPU = Release|Any CPU
	EndGlobalSection
	GlobalSection(ProjectConfigurationPlatforms) = postSolution
		{552D8C4B-D893-48A8-B762-A0CAF39E8CEE}.Debug|Any CPU.ActiveCfg = Debug|Any CPU
		{552D8C4B-D893-48A8-B762-A0CAF39E8CEE}.Debug|Any CPU.Build.0 = Debug|Any CPU
		{552D8C4B-D893-48A8-B762-A0CAF39E8CEE}.Release|Any CPU.ActiveCfg = Release|Any CPU
		{552D8C4B-D893-48A8-B762-A0CAF39E8CEE}.Release|Any CPU.Build.0 = Release|Any CPU
		{0329894C-7E58-4399-A54E-2D956EB00533}.Debug|Any CPU.ActiveCfg = Debug|Any CPU
		{0329894C-7E58-4399-A54E-2D956EB00533}.Debug|Any CPU.Build.0 = Debug|Any CPU
		{0329894C-7E58-4399-A54E-2D956EB00533}.Release|Any CPU.ActiveCfg = Release|Any CPU
		{0329894C-7E58-4399-A54E-2D956EB00533}.Release|Any CPU.Build.0 = Release|Any CPU
		{B953B6E2-C418-4C6B-B501-073988D37C5B}.Debug|Any CPU.ActiveCfg = Debug|Any CPU
		{B953B6E2-C418-4C6B-B501-073988D37C5B}.Debug|Any CPU.Build.0 = Debug|Any CPU
		{B953B6E2-C418-4C6B-B501-073988D37C5B}.Release|Any CPU.ActiveCfg = Release|Any CPU
		{B953B6E2-C418-4C6B-B501-073988D37C5B}.Release|Any CPU.Build.0 = Release|Any CPU
		{B77644F4-4CD8-4853-A085-8F73F77DF1DF}.Debug|Any CPU.ActiveCfg = Debug|Any CPU
		{B77644F4-4CD8-4853-A085-8F73F77DF1DF}.Debug|Any CPU.Build.0 = Debug|Any CPU
		{B77644F4-4CD8-4853-A085-8F73F77DF1DF}.Release|Any CPU.ActiveCfg = Release|Any CPU
		{B77644F4-4CD8-4853-A085-8F73F77DF1DF}.Release|Any CPU.Build.0 = Release|Any CPU
	EndGlobalSection
	GlobalSection(SolutionProperties) = preSolution
		HideSolutionNode = FALSE
	EndGlobalSection
	GlobalSection(NestedProjects) = preSolution
		{9196A97B-068A-4705-9842-40527DD74884} = {803EA8C1-F8AC-46EE-9926-449C38CD9E84}
		{E1DDA347-B252-4F26-B27B-D84BB191FFAA} = {803EA8C1-F8AC-46EE-9926-449C38CD9E84}
		{6E8AAD5B-242B-4B45-A4F1-42F1A87C3B59} = {803EA8C1-F8AC-46EE-9926-449C38CD9E84}
		{E0C08F37-BD52-492F-87B4-9A51AD63B9F3} = {803EA8C1-F8AC-46EE-9926-449C38CD9E84}
		{FB423CB7-7657-4D10-AC46-2DE66C2B1D0D} = {803EA8C1-F8AC-46EE-9926-449C38CD9E84}
		{B1AFFD0F-17B1-4853-90A1-AA29D78E3537} = {803EA8C1-F8AC-46EE-9926-449C38CD9E84}
		{552D8C4B-D893-48A8-B762-A0CAF39E8CEE} = {E1DDA347-B252-4F26-B27B-D84BB191FFAA}
		{0329894C-7E58-4399-A54E-2D956EB00533} = {6E8AAD5B-242B-4B45-A4F1-42F1A87C3B59}
		{06FB4023-7966-431F-9D06-84E202AA88DD} = {E1DDA347-B252-4F26-B27B-D84BB191FFAA}
		{B953B6E2-C418-4C6B-B501-073988D37C5B} = {06FB4023-7966-431F-9D06-84E202AA88DD}
		{B77644F4-4CD8-4853-A085-8F73F77DF1DF} = {E1DDA347-B252-4F26-B27B-D84BB191FFAA}
	EndGlobalSection
	GlobalSection(ExtensibilityGlobals) = postSolution
		SolutionGuid = {0B6ADF00-0565-4FE8-AF95-BD51424F7EC3}
	EndGlobalSection
EndGlobal
